
Microsoft Visual Studio Solution File, Format Version 12.00
# Visual Studio 14
VisualStudioVersion = 14.0.25420.1
MinimumVisualStudioVersion = 10.0.40219.1
Project("{FAE04EC0-301F-11D3-BF4B-00C04F79EFBC}") = "B2CWS", "B2CWS\B2CWS.csproj", "{A6484E99-F342-411F-89F0-0CFFBCD2DD88}"
EndProject
Project("{2150E333-8FDC-42A3-9474-1A3956D46DE8}") = "1.Libraries", "1.Libraries", "{E4382880-42CE-42B2-9503-DC344AA5583E}"
EndProject
Project("{2150E333-8FDC-42A3-9474-1A3956D46DE8}") = "2.Services", "2.Services", "{83B685DD-DE47-4FA5-885D-1679C0D530BF}"
EndProject
Project("{FAE04EC0-301F-11D3-BF4B-00C04F79EFBC}") = "CLIENTWS", "CLIENTWS\CLIENTWS.csproj", "{551CA1B9-B732-4BAF-AFCB-92836C714054}"
EndProject
Project("{FAE04EC0-301F-11D3-BF4B-00C04F79EFBC}") = "ClientesBC", "ClientesDAC\ClientesBC.csproj", "{A8DA3748-A734-4945-AE73-25D348185383}"
EndProject
Project("{FAE04EC0-301F-11D3-BF4B-00C04F79EFBC}") = "ClientesEntities", "ClientesDomain\ClientesEntities.csproj", "{223731C7-5DB5-444C-A10A-C05C678C9BA3}"
EndProject
Project("{FAE04EC0-301F-11D3-BF4B-00C04F79EFBC}") = "ClientesEF", "ClientesEF\ClientesEF.csproj", "{900DE17F-01B4-4FC3-84CC-C1197AB21AD2}"
EndProject
Project("{FAE04EC0-301F-11D3-BF4B-00C04F79EFBC}") = "Common", "Common\Common.csproj", "{4CC284DE-ACEB-41A5-BDF2-3865369055CC}"
EndProject
Project("{FAE04EC0-301F-11D3-BF4B-00C04F79EFBC}") = "OrdenesEntities", "OrdenesEntities\OrdenesEntities.csproj", "{03CE071F-67DC-43AA-BAFF-D2CC2605B63B}"
EndProject
Project("{FAE04EC0-301F-11D3-BF4B-00C04F79EFBC}") = "OrdenesBC", "OrdenesDAC\OrdenesBC.csproj", "{B117334E-E77B-4229-8FF8-F09B494CF28C}"
EndProject
Project("{2150E333-8FDC-42A3-9474-1A3956D46DE8}") = "1.0.Common", "1.0.Common", "{C12ACD2D-88F7-4E1D-81E3-BAE3BED618D1}"
EndProject
Project("{2150E333-8FDC-42A3-9474-1A3956D46DE8}") = "1.1.Entidades", "1.1.Entidades", "{F8B2569E-C13A-44C0-8AF1-AB67A7DA68A2}"
EndProject
Project("{2150E333-8FDC-42A3-9474-1A3956D46DE8}") = "1.2.Negocio", "1.2.Negocio", "{D0A4453C-9284-44A6-BC36-79A2FBF81FFA}"
EndProject
Project("{2150E333-8FDC-42A3-9474-1A3956D46DE8}") = "1.3.ORM", "1.3.ORM", "{23E1A82E-D4F3-441A-97AA-5373F938D127}"
EndProject
Project("{FAE04EC0-301F-11D3-BF4B-00C04F79EFBC}") = "ShoppingCartEntities", "ShoppingCartEntities\ShoppingCartEntities.csproj", "{3E942AD8-1F0B-41E2-BBA4-8F7733951D63}"
EndProject
Project("{FAE04EC0-301F-11D3-BF4B-00C04F79EFBC}") = "ShoppingCartBC", "ShoppingCartDAC\ShoppingCartBC.csproj", "{478F42BF-8809-4B6E-902F-9E593F6DEB61}"
EndProject
Global
	GlobalSection(SolutionConfigurationPlatforms) = preSolution
		Debug|Any CPU = Debug|Any CPU
		Debug|x86 = Debug|x86
		Release|Any CPU = Release|Any CPU
		Release|x86 = Release|x86
	EndGlobalSection
	GlobalSection(ProjectConfigurationPlatforms) = postSolution
		{A6484E99-F342-411F-89F0-0CFFBCD2DD88}.Debug|Any CPU.ActiveCfg = Debug|Any CPU
		{A6484E99-F342-411F-89F0-0CFFBCD2DD88}.Debug|Any CPU.Build.0 = Debug|Any CPU
		{A6484E99-F342-411F-89F0-0CFFBCD2DD88}.Debug|x86.ActiveCfg = Debug|Any CPU
		{A6484E99-F342-411F-89F0-0CFFBCD2DD88}.Debug|x86.Build.0 = Debug|Any CPU
		{A6484E99-F342-411F-89F0-0CFFBCD2DD88}.Release|Any CPU.ActiveCfg = Release|Any CPU
		{A6484E99-F342-411F-89F0-0CFFBCD2DD88}.Release|Any CPU.Build.0 = Release|Any CPU
		{A6484E99-F342-411F-89F0-0CFFBCD2DD88}.Release|x86.ActiveCfg = Release|Any CPU
		{A6484E99-F342-411F-89F0-0CFFBCD2DD88}.Release|x86.Build.0 = Release|Any CPU
		{551CA1B9-B732-4BAF-AFCB-92836C714054}.Debug|Any CPU.ActiveCfg = Debug|Any CPU
		{551CA1B9-B732-4BAF-AFCB-92836C714054}.Debug|Any CPU.Build.0 = Debug|Any CPU
		{551CA1B9-B732-4BAF-AFCB-92836C714054}.Debug|x86.ActiveCfg = Debug|Any CPU
		{551CA1B9-B732-4BAF-AFCB-92836C714054}.Debug|x86.Build.0 = Debug|Any CPU
		{551CA1B9-B732-4BAF-AFCB-92836C714054}.Release|Any CPU.ActiveCfg = Release|Any CPU
		{551CA1B9-B732-4BAF-AFCB-92836C714054}.Release|Any CPU.Build.0 = Release|Any CPU
		{551CA1B9-B732-4BAF-AFCB-92836C714054}.Release|x86.ActiveCfg = Release|Any CPU
		{551CA1B9-B732-4BAF-AFCB-92836C714054}.Release|x86.Build.0 = Release|Any CPU
		{A8DA3748-A734-4945-AE73-25D348185383}.Debug|Any CPU.ActiveCfg = Debug|Any CPU
		{A8DA3748-A734-4945-AE73-25D348185383}.Debug|Any CPU.Build.0 = Debug|Any CPU
		{A8DA3748-A734-4945-AE73-25D348185383}.Debug|x86.ActiveCfg = Debug|Any CPU
		{A8DA3748-A734-4945-AE73-25D348185383}.Debug|x86.Build.0 = Debug|Any CPU
		{A8DA3748-A734-4945-AE73-25D348185383}.Release|Any CPU.ActiveCfg = Release|Any CPU
		{A8DA3748-A734-4945-AE73-25D348185383}.Release|Any CPU.Build.0 = Release|Any CPU
		{A8DA3748-A734-4945-AE73-25D348185383}.Release|x86.ActiveCfg = Release|Any CPU
		{A8DA3748-A734-4945-AE73-25D348185383}.Release|x86.Build.0 = Release|Any CPU
		{223731C7-5DB5-444C-A10A-C05C678C9BA3}.Debug|Any CPU.ActiveCfg = Debug|Any CPU
		{223731C7-5DB5-444C-A10A-C05C678C9BA3}.Debug|Any CPU.Build.0 = Debug|Any CPU
		{223731C7-5DB5-444C-A10A-C05C678C9BA3}.Debug|x86.ActiveCfg = Debug|Any CPU
		{223731C7-5DB5-444C-A10A-C05C678C9BA3}.Debug|x86.Build.0 = Debug|Any CPU
		{223731C7-5DB5-444C-A10A-C05C678C9BA3}.Release|Any CPU.ActiveCfg = Release|Any CPU
		{223731C7-5DB5-444C-A10A-C05C678C9BA3}.Release|Any CPU.Build.0 = Release|Any CPU
		{223731C7-5DB5-444C-A10A-C05C678C9BA3}.Release|x86.ActiveCfg = Release|Any CPU
		{223731C7-5DB5-444C-A10A-C05C678C9BA3}.Release|x86.Build.0 = Release|Any CPU
		{900DE17F-01B4-4FC3-84CC-C1197AB21AD2}.Debug|Any CPU.ActiveCfg = Debug|Any CPU
		{900DE17F-01B4-4FC3-84CC-C1197AB21AD2}.Debug|Any CPU.Build.0 = Debug|Any CPU
		{900DE17F-01B4-4FC3-84CC-C1197AB21AD2}.Debug|x86.ActiveCfg = Debug|Any CPU
		{900DE17F-01B4-4FC3-84CC-C1197AB21AD2}.Debug|x86.Build.0 = Debug|Any CPU
		{900DE17F-01B4-4FC3-84CC-C1197AB21AD2}.Release|Any CPU.ActiveCfg = Release|Any CPU
		{900DE17F-01B4-4FC3-84CC-C1197AB21AD2}.Release|Any CPU.Build.0 = Release|Any CPU
		{900DE17F-01B4-4FC3-84CC-C1197AB21AD2}.Release|x86.ActiveCfg = Release|Any CPU
		{900DE17F-01B4-4FC3-84CC-C1197AB21AD2}.Release|x86.Build.0 = Release|Any CPU
		{4CC284DE-ACEB-41A5-BDF2-3865369055CC}.Debug|Any CPU.ActiveCfg = Debug|Any CPU
		{4CC284DE-ACEB-41A5-BDF2-3865369055CC}.Debug|Any CPU.Build.0 = Debug|Any CPU
		{4CC284DE-ACEB-41A5-BDF2-3865369055CC}.Debug|x86.ActiveCfg = Debug|Any CPU
		{4CC284DE-ACEB-41A5-BDF2-3865369055CC}.Debug|x86.Build.0 = Debug|Any CPU
		{4CC284DE-ACEB-41A5-BDF2-3865369055CC}.Release|Any CPU.ActiveCfg = Release|Any CPU
		{4CC284DE-ACEB-41A5-BDF2-3865369055CC}.Release|Any CPU.Build.0 = Release|Any CPU
		{4CC284DE-ACEB-41A5-BDF2-3865369055CC}.Release|x86.ActiveCfg = Release|Any CPU
		{4CC284DE-ACEB-41A5-BDF2-3865369055CC}.Release|x86.Build.0 = Release|Any CPU
		{03CE071F-67DC-43AA-BAFF-D2CC2605B63B}.Debug|Any CPU.ActiveCfg = Debug|Any CPU
		{03CE071F-67DC-43AA-BAFF-D2CC2605B63B}.Debug|Any CPU.Build.0 = Debug|Any CPU
		{03CE071F-67DC-43AA-BAFF-D2CC2605B63B}.Debug|x86.ActiveCfg = Debug|Any CPU
		{03CE071F-67DC-43AA-BAFF-D2CC2605B63B}.Debug|x86.Build.0 = Debug|Any CPU
		{03CE071F-67DC-43AA-BAFF-D2CC2605B63B}.Release|Any CPU.ActiveCfg = Release|Any CPU
		{03CE071F-67DC-43AA-BAFF-D2CC2605B63B}.Release|Any CPU.Build.0 = Release|Any CPU
		{03CE071F-67DC-43AA-BAFF-D2CC2605B63B}.Release|x86.ActiveCfg = Release|Any CPU
		{03CE071F-67DC-43AA-BAFF-D2CC2605B63B}.Release|x86.Build.0 = Release|Any CPU
		{B117334E-E77B-4229-8FF8-F09B494CF28C}.Debug|Any CPU.ActiveCfg = Debug|Any CPU
		{B117334E-E77B-4229-8FF8-F09B494CF28C}.Debug|Any CPU.Build.0 = Debug|Any CPU
		{B117334E-E77B-4229-8FF8-F09B494CF28C}.Debug|x86.ActiveCfg = Debug|Any CPU
		{B117334E-E77B-4229-8FF8-F09B494CF28C}.Debug|x86.Build.0 = Debug|Any CPU
		{B117334E-E77B-4229-8FF8-F09B494CF28C}.Release|Any CPU.ActiveCfg = Release|Any CPU
		{B117334E-E77B-4229-8FF8-F09B494CF28C}.Release|Any CPU.Build.0 = Release|Any CPU
		{B117334E-E77B-4229-8FF8-F09B494CF28C}.Release|x86.ActiveCfg = Release|Any CPU
		{B117334E-E77B-4229-8FF8-F09B494CF28C}.Release|x86.Build.0 = Release|Any CPU
		{3E942AD8-1F0B-41E2-BBA4-8F7733951D63}.Debug|Any CPU.ActiveCfg = Debug|Any CPU
		{3E942AD8-1F0B-41E2-BBA4-8F7733951D63}.Debug|Any CPU.Build.0 = Debug|Any CPU
		{3E942AD8-1F0B-41E2-BBA4-8F7733951D63}.Debug|x86.ActiveCfg = Debug|Any CPU
		{3E942AD8-1F0B-41E2-BBA4-8F7733951D63}.Debug|x86.Build.0 = Debug|Any CPU
		{3E942AD8-1F0B-41E2-BBA4-8F7733951D63}.Release|Any CPU.ActiveCfg = Release|Any CPU
		{3E942AD8-1F0B-41E2-BBA4-8F7733951D63}.Release|Any CPU.Build.0 = Release|Any CPU
		{3E942AD8-1F0B-41E2-BBA4-8F7733951D63}.Release|x86.ActiveCfg = Release|Any CPU
		{3E942AD8-1F0B-41E2-BBA4-8F7733951D63}.Release|x86.Build.0 = Release|Any CPU
		{478F42BF-8809-4B6E-902F-9E593F6DEB61}.Debug|Any CPU.ActiveCfg = Debug|Any CPU
		{478F42BF-8809-4B6E-902F-9E593F6DEB61}.Debug|Any CPU.Build.0 = Debug|Any CPU
		{478F42BF-8809-4B6E-902F-9E593F6DEB61}.Debug|x86.ActiveCfg = Debug|Any CPU
		{478F42BF-8809-4B6E-902F-9E593F6DEB61}.Debug|x86.Build.0 = Debug|Any CPU
		{478F42BF-8809-4B6E-902F-9E593F6DEB61}.Release|Any CPU.ActiveCfg = Release|Any CPU
		{478F42BF-8809-4B6E-902F-9E593F6DEB61}.Release|Any CPU.Build.0 = Release|Any CPU
		{478F42BF-8809-4B6E-902F-9E593F6DEB61}.Release|x86.ActiveCfg = Release|Any CPU
		{478F42BF-8809-4B6E-902F-9E593F6DEB61}.Release|x86.Build.0 = Release|Any CPU
	EndGlobalSection
	GlobalSection(SolutionProperties) = preSolution
		HideSolutionNode = FALSE
	EndGlobalSection
	GlobalSection(NestedProjects) = preSolution
		{A6484E99-F342-411F-89F0-0CFFBCD2DD88} = {83B685DD-DE47-4FA5-885D-1679C0D530BF}
		{551CA1B9-B732-4BAF-AFCB-92836C714054} = {83B685DD-DE47-4FA5-885D-1679C0D530BF}
		{A8DA3748-A734-4945-AE73-25D348185383} = {D0A4453C-9284-44A6-BC36-79A2FBF81FFA}
		{223731C7-5DB5-444C-A10A-C05C678C9BA3} = {F8B2569E-C13A-44C0-8AF1-AB67A7DA68A2}
		{900DE17F-01B4-4FC3-84CC-C1197AB21AD2} = {23E1A82E-D4F3-441A-97AA-5373F938D127}
		{4CC284DE-ACEB-41A5-BDF2-3865369055CC} = {C12ACD2D-88F7-4E1D-81E3-BAE3BED618D1}
		{03CE071F-67DC-43AA-BAFF-D2CC2605B63B} = {F8B2569E-C13A-44C0-8AF1-AB67A7DA68A2}
		{B117334E-E77B-4229-8FF8-F09B494CF28C} = {D0A4453C-9284-44A6-BC36-79A2FBF81FFA}
		{C12ACD2D-88F7-4E1D-81E3-BAE3BED618D1} = {E4382880-42CE-42B2-9503-DC344AA5583E}
		{F8B2569E-C13A-44C0-8AF1-AB67A7DA68A2} = {E4382880-42CE-42B2-9503-DC344AA5583E}
		{D0A4453C-9284-44A6-BC36-79A2FBF81FFA} = {E4382880-42CE-42B2-9503-DC344AA5583E}
		{23E1A82E-D4F3-441A-97AA-5373F938D127} = {E4382880-42CE-42B2-9503-DC344AA5583E}
		{3E942AD8-1F0B-41E2-BBA4-8F7733951D63} = {F8B2569E-C13A-44C0-8AF1-AB67A7DA68A2}
		{478F42BF-8809-4B6E-902F-9E593F6DEB61} = {D0A4453C-9284-44A6-BC36-79A2FBF81FFA}
	EndGlobalSection
EndGlobal
