
Microsoft Visual Studio Solution File, Format Version 12.00
# Visual Studio 14
VisualStudioVersion = 14.0.25420.1
MinimumVisualStudioVersion = 10.0.40219.1
Project("{FAE04EC0-301F-11D3-BF4B-00C04F79EFBC}") = "B2CWS", "B2CWS\B2CWS.csproj", "{A6484E99-F342-411F-89F0-0CFFBCD2DD88}"
EndProject
Project("{2150E333-8FDC-42A3-9474-1A3956D46DE8}") = "1.Libraries", "1.Libraries", "{E4382880-42CE-42B2-9503-DC344AA5583E}"
EndProject
Project("{2150E333-8FDC-42A3-9474-1A3956D46DE8}") = "2.Services", "2.Services", "{83B685DD-DE47-4FA5-885D-1679C0D530BF}"
EndProject
Project("{FAE04EC0-301F-11D3-BF4B-00C04F79EFBC}") = "CLIENTWS", "CLIENTWS\CLIENTWS.csproj", "{551CA1B9-B732-4BAF-AFCB-92836C714054}"
EndProject
Project("{FAE04EC0-301F-11D3-BF4B-00C04F79EFBC}") = "ClientesDAC", "ClientesDAC\ClientesDAC.csproj", "{A8DA3748-A734-4945-AE73-25D348185383}"
EndProject
Project("{FAE04EC0-301F-11D3-BF4B-00C04F79EFBC}") = "ClientesDomain", "ClientesDomain\ClientesDomain.csproj", "{223731C7-5DB5-444C-A10A-C05C678C9BA3}"
EndProject
Project("{FAE04EC0-301F-11D3-BF4B-00C04F79EFBC}") = "ClientesEF", "ClientesEF\ClientesEF.csproj", "{900DE17F-01B4-4FC3-84CC-C1197AB21AD2}"
EndProject
Project("{FAE04EC0-301F-11D3-BF4B-00C04F79EFBC}") = "Common", "Common\Common.csproj", "{4CC284DE-ACEB-41A5-BDF2-3865369055CC}"
EndProject
Global
	GlobalSection(SolutionConfigurationPlatforms) = preSolution
		Debug|Any CPU = Debug|Any CPU
		Debug|x86 = Debug|x86
		Release|Any CPU = Release|Any CPU
		Release|x86 = Release|x86
	EndGlobalSection
	GlobalSection(ProjectConfigurationPlatforms) = postSolution
		{A6484E99-F342-411F-89F0-0CFFBCD2DD88}.Debug|Any CPU.ActiveCfg = Debug|Any CPU
		{A6484E99-F342-411F-89F0-0CFFBCD2DD88}.Debug|Any CPU.Build.0 = Debug|Any CPU
		{A6484E99-F342-411F-89F0-0CFFBCD2DD88}.Debug|x86.ActiveCfg = Debug|Any CPU
		{A6484E99-F342-411F-89F0-0CFFBCD2DD88}.Debug|x86.Build.0 = Debug|Any CPU
		{A6484E99-F342-411F-89F0-0CFFBCD2DD88}.Release|Any CPU.ActiveCfg = Release|Any CPU
		{A6484E99-F342-411F-89F0-0CFFBCD2DD88}.Release|Any CPU.Build.0 = Release|Any CPU
		{A6484E99-F342-411F-89F0-0CFFBCD2DD88}.Release|x86.ActiveCfg = Release|Any CPU
		{A6484E99-F342-411F-89F0-0CFFBCD2DD88}.Release|x86.Build.0 = Release|Any CPU
		{551CA1B9-B732-4BAF-AFCB-92836C714054}.Debug|Any CPU.ActiveCfg = Debug|Any CPU
		{551CA1B9-B732-4BAF-AFCB-92836C714054}.Debug|Any CPU.Build.0 = Debug|Any CPU
		{551CA1B9-B732-4BAF-AFCB-92836C714054}.Debug|x86.ActiveCfg = Debug|Any CPU
		{551CA1B9-B732-4BAF-AFCB-92836C714054}.Debug|x86.Build.0 = Debug|Any CPU
		{551CA1B9-B732-4BAF-AFCB-92836C714054}.Release|Any CPU.ActiveCfg = Release|Any CPU
		{551CA1B9-B732-4BAF-AFCB-92836C714054}.Release|Any CPU.Build.0 = Release|Any CPU
		{551CA1B9-B732-4BAF-AFCB-92836C714054}.Release|x86.ActiveCfg = Release|Any CPU
		{551CA1B9-B732-4BAF-AFCB-92836C714054}.Release|x86.Build.0 = Release|Any CPU
		{A8DA3748-A734-4945-AE73-25D348185383}.Debug|Any CPU.ActiveCfg = Debug|Any CPU
		{A8DA3748-A734-4945-AE73-25D348185383}.Debug|Any CPU.Build.0 = Debug|Any CPU
		{A8DA3748-A734-4945-AE73-25D348185383}.Debug|x86.ActiveCfg = Debug|Any CPU
		{A8DA3748-A734-4945-AE73-25D348185383}.Debug|x86.Build.0 = Debug|Any CPU
		{A8DA3748-A734-4945-AE73-25D348185383}.Release|Any CPU.ActiveCfg = Release|Any CPU
		{A8DA3748-A734-4945-AE73-25D348185383}.Release|Any CPU.Build.0 = Release|Any CPU
		{A8DA3748-A734-4945-AE73-25D348185383}.Release|x86.ActiveCfg = Release|Any CPU
		{A8DA3748-A734-4945-AE73-25D348185383}.Release|x86.Build.0 = Release|Any CPU
		{223731C7-5DB5-444C-A10A-C05C678C9BA3}.Debug|Any CPU.ActiveCfg = Debug|Any CPU
		{223731C7-5DB5-444C-A10A-C05C678C9BA3}.Debug|Any CPU.Build.0 = Debug|Any CPU
		{223731C7-5DB5-444C-A10A-C05C678C9BA3}.Debug|x86.ActiveCfg = Debug|Any CPU
		{223731C7-5DB5-444C-A10A-C05C678C9BA3}.Debug|x86.Build.0 = Debug|Any CPU
		{223731C7-5DB5-444C-A10A-C05C678C9BA3}.Release|Any CPU.ActiveCfg = Release|Any CPU
		{223731C7-5DB5-444C-A10A-C05C678C9BA3}.Release|Any CPU.Build.0 = Release|Any CPU
		{223731C7-5DB5-444C-A10A-C05C678C9BA3}.Release|x86.ActiveCfg = Release|Any CPU
		{223731C7-5DB5-444C-A10A-C05C678C9BA3}.Release|x86.Build.0 = Release|Any CPU
		{900DE17F-01B4-4FC3-84CC-C1197AB21AD2}.Debug|Any CPU.ActiveCfg = Debug|Any CPU
		{900DE17F-01B4-4FC3-84CC-C1197AB21AD2}.Debug|Any CPU.Build.0 = Debug|Any CPU
		{900DE17F-01B4-4FC3-84CC-C1197AB21AD2}.Debug|x86.ActiveCfg = Debug|Any CPU
		{900DE17F-01B4-4FC3-84CC-C1197AB21AD2}.Debug|x86.Build.0 = Debug|Any CPU
		{900DE17F-01B4-4FC3-84CC-C1197AB21AD2}.Release|Any CPU.ActiveCfg = Release|Any CPU
		{900DE17F-01B4-4FC3-84CC-C1197AB21AD2}.Release|Any CPU.Build.0 = Release|Any CPU
		{900DE17F-01B4-4FC3-84CC-C1197AB21AD2}.Release|x86.ActiveCfg = Release|Any CPU
		{900DE17F-01B4-4FC3-84CC-C1197AB21AD2}.Release|x86.Build.0 = Release|Any CPU
		{4CC284DE-ACEB-41A5-BDF2-3865369055CC}.Debug|Any CPU.ActiveCfg = Debug|Any CPU
		{4CC284DE-ACEB-41A5-BDF2-3865369055CC}.Debug|Any CPU.Build.0 = Debug|Any CPU
		{4CC284DE-ACEB-41A5-BDF2-3865369055CC}.Debug|x86.ActiveCfg = Debug|Any CPU
		{4CC284DE-ACEB-41A5-BDF2-3865369055CC}.Debug|x86.Build.0 = Debug|Any CPU
		{4CC284DE-ACEB-41A5-BDF2-3865369055CC}.Release|Any CPU.ActiveCfg = Release|Any CPU
		{4CC284DE-ACEB-41A5-BDF2-3865369055CC}.Release|Any CPU.Build.0 = Release|Any CPU
		{4CC284DE-ACEB-41A5-BDF2-3865369055CC}.Release|x86.ActiveCfg = Release|Any CPU
		{4CC284DE-ACEB-41A5-BDF2-3865369055CC}.Release|x86.Build.0 = Release|Any CPU
	EndGlobalSection
	GlobalSection(SolutionProperties) = preSolution
		HideSolutionNode = FALSE
	EndGlobalSection
	GlobalSection(NestedProjects) = preSolution
		{A6484E99-F342-411F-89F0-0CFFBCD2DD88} = {83B685DD-DE47-4FA5-885D-1679C0D530BF}
		{551CA1B9-B732-4BAF-AFCB-92836C714054} = {83B685DD-DE47-4FA5-885D-1679C0D530BF}
		{A8DA3748-A734-4945-AE73-25D348185383} = {E4382880-42CE-42B2-9503-DC344AA5583E}
		{223731C7-5DB5-444C-A10A-C05C678C9BA3} = {E4382880-42CE-42B2-9503-DC344AA5583E}
		{900DE17F-01B4-4FC3-84CC-C1197AB21AD2} = {E4382880-42CE-42B2-9503-DC344AA5583E}
		{4CC284DE-ACEB-41A5-BDF2-3865369055CC} = {E4382880-42CE-42B2-9503-DC344AA5583E}
	EndGlobalSection
EndGlobal
