
Microsoft Visual Studio Solution File, Format Version 12.00
# Visual Studio 14
VisualStudioVersion = 14.0.25420.1
MinimumVisualStudioVersion = 10.0.40219.1
Project("{FAE04EC0-301F-11D3-BF4B-00C04F79EFBC}") = "B2CWS", "B2CWS\B2CWS.csproj", "{A6484E99-F342-411F-89F0-0CFFBCD2DD88}"
EndProject
Project("{2150E333-8FDC-42A3-9474-1A3956D46DE8}") = "1.Libraries", "1.Libraries", "{E4382880-42CE-42B2-9503-DC344AA5583E}"
EndProject
Project("{2150E333-8FDC-42A3-9474-1A3956D46DE8}") = "2.Services", "2.Services", "{83B685DD-DE47-4FA5-885D-1679C0D530BF}"
EndProject
Project("{FAE04EC0-301F-11D3-BF4B-00C04F79EFBC}") = "CLIENTWS", "CLIENTWS\CLIENTWS.csproj", "{551CA1B9-B732-4BAF-AFCB-92836C714054}"
EndProject
Project("{FAE04EC0-301F-11D3-BF4B-00C04F79EFBC}") = "ClientesBC", "ClientesDAC\ClientesBC.csproj", "{A8DA3748-A734-4945-AE73-25D348185383}"
EndProject
Project("{FAE04EC0-301F-11D3-BF4B-00C04F79EFBC}") = "ClientesEntities", "ClientesDomain\ClientesEntities.csproj", "{223731C7-5DB5-444C-A10A-C05C678C9BA3}"
EndProject
Project("{FAE04EC0-301F-11D3-BF4B-00C04F79EFBC}") = "ClientesEF", "ClientesEF\ClientesEF.csproj", "{900DE17F-01B4-4FC3-84CC-C1197AB21AD2}"
EndProject
Project("{FAE04EC0-301F-11D3-BF4B-00C04F79EFBC}") = "Common", "Common\Common.csproj", "{4CC284DE-ACEB-41A5-BDF2-3865369055CC}"
EndProject
Project("{FAE04EC0-301F-11D3-BF4B-00C04F79EFBC}") = "OrdenesEntities", "OrdenesEntities\OrdenesEntities.csproj", "{03CE071F-67DC-43AA-BAFF-D2CC2605B63B}"
EndProject
Project("{FAE04EC0-301F-11D3-BF4B-00C04F79EFBC}") = "OrdenesBC", "OrdenesDAC\OrdenesBC.csproj", "{B117334E-E77B-4229-8FF8-F09B494CF28C}"
EndProject
Project("{2150E333-8FDC-42A3-9474-1A3956D46DE8}") = "1.0.Common", "1.0.Common", "{C12ACD2D-88F7-4E1D-81E3-BAE3BED618D1}"
EndProject
Project("{2150E333-8FDC-42A3-9474-1A3956D46DE8}") = "1.1.Entidades", "1.1.Entidades", "{F8B2569E-C13A-44C0-8AF1-AB67A7DA68A2}"
EndProject
Project("{2150E333-8FDC-42A3-9474-1A3956D46DE8}") = "1.2.Negocio", "1.2.Negocio", "{D0A4453C-9284-44A6-BC36-79A2FBF81FFA}"
EndProject
Project("{2150E333-8FDC-42A3-9474-1A3956D46DE8}") = "1.3.ORM", "1.3.ORM", "{23E1A82E-D4F3-441A-97AA-5373F938D127}"
EndProject
Project("{2150E333-8FDC-42A3-9474-1A3956D46DE8}") = "4.Tests", "4.Tests", "{3B944C23-1D10-4DB9-AAFE-A1ECD517A3E7}"
EndProject
Project("{FAE04EC0-301F-11D3-BF4B-00C04F79EFBC}") = "B2CTests", "B2CTests\B2CTests.csproj", "{6699F781-1347-4C82-9270-F2646E65511C}"
EndProject
Project("{2150E333-8FDC-42A3-9474-1A3956D46DE8}") = "3.Web", "3.Web", "{C42F8DFC-755F-49B7-A7D3-9D75350CE652}"
EndProject
Project("{E24C65DC-7377-472B-9ABA-BC803B73C61A}") = "KallsonysMovil", "http://localhost/KallsonysMovil", "{6454ECA7-4B4F-45E2-9DDE-675D95522C6E}"
	ProjectSection(WebsiteProperties) = preProject
		UseIISExpress = "false"
		TargetFrameworkMoniker = ".NETFramework,Version%3Dv4.0"
		Debug.AspNetCompiler.VirtualPath = "/KallsonysMovil"
		Debug.AspNetCompiler.PhysicalPath = "..\..\..\..\..\..\proyectos\PICA\Web\B2CWEB\"
		Debug.AspNetCompiler.TargetPath = "PrecompiledWeb\KallsonysMovil\"
		Debug.AspNetCompiler.Updateable = "true"
		Debug.AspNetCompiler.ForceOverwrite = "true"
		Debug.AspNetCompiler.FixedNames = "false"
		Debug.AspNetCompiler.Debug = "True"
		Release.AspNetCompiler.VirtualPath = "/KallsonysMovil"
		Release.AspNetCompiler.PhysicalPath = "..\..\..\..\..\..\proyectos\PICA\Web\B2CWEB\"
		Release.AspNetCompiler.TargetPath = "PrecompiledWeb\KallsonysMovil\"
		Release.AspNetCompiler.Updateable = "true"
		Release.AspNetCompiler.ForceOverwrite = "true"
		Release.AspNetCompiler.FixedNames = "false"
		Release.AspNetCompiler.Debug = "False"
		SlnRelativePath = "..\..\..\..\..\..\proyectos\PICA\Web\B2CWEB\"
	EndProjectSection
EndProject
Project("{FAE04EC0-301F-11D3-BF4B-00C04F79EFBC}") = "WebAndLoadTestProject1", "WebAndLoadTestProject1\WebAndLoadTestProject1.csproj", "{7E02558D-944E-465B-A961-EEB958A0B98E}"
EndProject
Project("{2150E333-8FDC-42A3-9474-1A3956D46DE8}") = "Solution Items", "Solution Items", "{16CF27BD-F752-4BAB-ADBB-8779F14A8D24}"
	ProjectSection(SolutionItems) = preProject
		Local.testsettings = Local.testsettings
	EndProjectSection
EndProject
Project("{2150E333-8FDC-42A3-9474-1A3956D46DE8}") = "5.Models", "5.Models", "{C7CFABC9-11AD-4D8B-8D42-37877AE923B9}"
EndProject
Global
	GlobalSection(SolutionConfigurationPlatforms) = preSolution
		Debug|Any CPU = Debug|Any CPU
		Debug|x86 = Debug|x86
		Release|Any CPU = Release|Any CPU
		Release|x86 = Release|x86
	EndGlobalSection
	GlobalSection(ProjectConfigurationPlatforms) = postSolution
		{A6484E99-F342-411F-89F0-0CFFBCD2DD88}.Debug|Any CPU.ActiveCfg = Debug|Any CPU
		{A6484E99-F342-411F-89F0-0CFFBCD2DD88}.Debug|Any CPU.Build.0 = Debug|Any CPU
		{A6484E99-F342-411F-89F0-0CFFBCD2DD88}.Debug|x86.ActiveCfg = Debug|Any CPU
		{A6484E99-F342-411F-89F0-0CFFBCD2DD88}.Debug|x86.Build.0 = Debug|Any CPU
		{A6484E99-F342-411F-89F0-0CFFBCD2DD88}.Release|Any CPU.ActiveCfg = Release|Any CPU
		{A6484E99-F342-411F-89F0-0CFFBCD2DD88}.Release|Any CPU.Build.0 = Release|Any CPU
		{A6484E99-F342-411F-89F0-0CFFBCD2DD88}.Release|x86.ActiveCfg = Release|Any CPU
		{A6484E99-F342-411F-89F0-0CFFBCD2DD88}.Release|x86.Build.0 = Release|Any CPU
		{551CA1B9-B732-4BAF-AFCB-92836C714054}.Debug|Any CPU.ActiveCfg = Debug|Any CPU
		{551CA1B9-B732-4BAF-AFCB-92836C714054}.Debug|Any CPU.Build.0 = Debug|Any CPU
		{551CA1B9-B732-4BAF-AFCB-92836C714054}.Debug|x86.ActiveCfg = Debug|Any CPU
		{551CA1B9-B732-4BAF-AFCB-92836C714054}.Debug|x86.Build.0 = Debug|Any CPU
		{551CA1B9-B732-4BAF-AFCB-92836C714054}.Release|Any CPU.ActiveCfg = Release|Any CPU
		{551CA1B9-B732-4BAF-AFCB-92836C714054}.Release|Any CPU.Build.0 = Release|Any CPU
		{551CA1B9-B732-4BAF-AFCB-92836C714054}.Release|x86.ActiveCfg = Release|Any CPU
		{551CA1B9-B732-4BAF-AFCB-92836C714054}.Release|x86.Build.0 = Release|Any CPU
		{A8DA3748-A734-4945-AE73-25D348185383}.Debug|Any CPU.ActiveCfg = Debug|Any CPU
		{A8DA3748-A734-4945-AE73-25D348185383}.Debug|Any CPU.Build.0 = Debug|Any CPU
		{A8DA3748-A734-4945-AE73-25D348185383}.Debug|x86.ActiveCfg = Debug|Any CPU
		{A8DA3748-A734-4945-AE73-25D348185383}.Debug|x86.Build.0 = Debug|Any CPU
		{A8DA3748-A734-4945-AE73-25D348185383}.Release|Any CPU.ActiveCfg = Release|Any CPU
		{A8DA3748-A734-4945-AE73-25D348185383}.Release|Any CPU.Build.0 = Release|Any CPU
		{A8DA3748-A734-4945-AE73-25D348185383}.Release|x86.ActiveCfg = Release|Any CPU
		{A8DA3748-A734-4945-AE73-25D348185383}.Release|x86.Build.0 = Release|Any CPU
		{223731C7-5DB5-444C-A10A-C05C678C9BA3}.Debug|Any CPU.ActiveCfg = Debug|Any CPU
		{223731C7-5DB5-444C-A10A-C05C678C9BA3}.Debug|Any CPU.Build.0 = Debug|Any CPU
		{223731C7-5DB5-444C-A10A-C05C678C9BA3}.Debug|x86.ActiveCfg = Debug|Any CPU
		{223731C7-5DB5-444C-A10A-C05C678C9BA3}.Debug|x86.Build.0 = Debug|Any CPU
		{223731C7-5DB5-444C-A10A-C05C678C9BA3}.Release|Any CPU.ActiveCfg = Release|Any CPU
		{223731C7-5DB5-444C-A10A-C05C678C9BA3}.Release|Any CPU.Build.0 = Release|Any CPU
		{223731C7-5DB5-444C-A10A-C05C678C9BA3}.Release|x86.ActiveCfg = Release|Any CPU
		{223731C7-5DB5-444C-A10A-C05C678C9BA3}.Release|x86.Build.0 = Release|Any CPU
		{900DE17F-01B4-4FC3-84CC-C1197AB21AD2}.Debug|Any CPU.ActiveCfg = Debug|Any CPU
		{900DE17F-01B4-4FC3-84CC-C1197AB21AD2}.Debug|Any CPU.Build.0 = Debug|Any CPU
		{900DE17F-01B4-4FC3-84CC-C1197AB21AD2}.Debug|x86.ActiveCfg = Debug|Any CPU
		{900DE17F-01B4-4FC3-84CC-C1197AB21AD2}.Debug|x86.Build.0 = Debug|Any CPU
		{900DE17F-01B4-4FC3-84CC-C1197AB21AD2}.Release|Any CPU.ActiveCfg = Release|Any CPU
		{900DE17F-01B4-4FC3-84CC-C1197AB21AD2}.Release|Any CPU.Build.0 = Release|Any CPU
		{900DE17F-01B4-4FC3-84CC-C1197AB21AD2}.Release|x86.ActiveCfg = Release|Any CPU
		{900DE17F-01B4-4FC3-84CC-C1197AB21AD2}.Release|x86.Build.0 = Release|Any CPU
		{4CC284DE-ACEB-41A5-BDF2-3865369055CC}.Debug|Any CPU.ActiveCfg = Debug|Any CPU
		{4CC284DE-ACEB-41A5-BDF2-3865369055CC}.Debug|Any CPU.Build.0 = Debug|Any CPU
		{4CC284DE-ACEB-41A5-BDF2-3865369055CC}.Debug|x86.ActiveCfg = Debug|Any CPU
		{4CC284DE-ACEB-41A5-BDF2-3865369055CC}.Debug|x86.Build.0 = Debug|Any CPU
		{4CC284DE-ACEB-41A5-BDF2-3865369055CC}.Release|Any CPU.ActiveCfg = Release|Any CPU
		{4CC284DE-ACEB-41A5-BDF2-3865369055CC}.Release|Any CPU.Build.0 = Release|Any CPU
		{4CC284DE-ACEB-41A5-BDF2-3865369055CC}.Release|x86.ActiveCfg = Release|Any CPU
		{4CC284DE-ACEB-41A5-BDF2-3865369055CC}.Release|x86.Build.0 = Release|Any CPU
		{03CE071F-67DC-43AA-BAFF-D2CC2605B63B}.Debug|Any CPU.ActiveCfg = Debug|Any CPU
		{03CE071F-67DC-43AA-BAFF-D2CC2605B63B}.Debug|Any CPU.Build.0 = Debug|Any CPU
		{03CE071F-67DC-43AA-BAFF-D2CC2605B63B}.Debug|x86.ActiveCfg = Debug|Any CPU
		{03CE071F-67DC-43AA-BAFF-D2CC2605B63B}.Debug|x86.Build.0 = Debug|Any CPU
		{03CE071F-67DC-43AA-BAFF-D2CC2605B63B}.Release|Any CPU.ActiveCfg = Release|Any CPU
		{03CE071F-67DC-43AA-BAFF-D2CC2605B63B}.Release|Any CPU.Build.0 = Release|Any CPU
		{03CE071F-67DC-43AA-BAFF-D2CC2605B63B}.Release|x86.ActiveCfg = Release|Any CPU
		{03CE071F-67DC-43AA-BAFF-D2CC2605B63B}.Release|x86.Build.0 = Release|Any CPU
		{B117334E-E77B-4229-8FF8-F09B494CF28C}.Debug|Any CPU.ActiveCfg = Debug|Any CPU
		{B117334E-E77B-4229-8FF8-F09B494CF28C}.Debug|Any CPU.Build.0 = Debug|Any CPU
		{B117334E-E77B-4229-8FF8-F09B494CF28C}.Debug|x86.ActiveCfg = Debug|Any CPU
		{B117334E-E77B-4229-8FF8-F09B494CF28C}.Debug|x86.Build.0 = Debug|Any CPU
		{B117334E-E77B-4229-8FF8-F09B494CF28C}.Release|Any CPU.ActiveCfg = Release|Any CPU
		{B117334E-E77B-4229-8FF8-F09B494CF28C}.Release|Any CPU.Build.0 = Release|Any CPU
		{B117334E-E77B-4229-8FF8-F09B494CF28C}.Release|x86.ActiveCfg = Release|Any CPU
		{B117334E-E77B-4229-8FF8-F09B494CF28C}.Release|x86.Build.0 = Release|Any CPU
		{6699F781-1347-4C82-9270-F2646E65511C}.Debug|Any CPU.ActiveCfg = Debug|Any CPU
		{6699F781-1347-4C82-9270-F2646E65511C}.Debug|Any CPU.Build.0 = Debug|Any CPU
		{6699F781-1347-4C82-9270-F2646E65511C}.Debug|x86.ActiveCfg = Debug|Any CPU
		{6699F781-1347-4C82-9270-F2646E65511C}.Debug|x86.Build.0 = Debug|Any CPU
		{6699F781-1347-4C82-9270-F2646E65511C}.Release|Any CPU.ActiveCfg = Release|Any CPU
		{6699F781-1347-4C82-9270-F2646E65511C}.Release|Any CPU.Build.0 = Release|Any CPU
		{6699F781-1347-4C82-9270-F2646E65511C}.Release|x86.ActiveCfg = Release|Any CPU
		{6699F781-1347-4C82-9270-F2646E65511C}.Release|x86.Build.0 = Release|Any CPU
		{6454ECA7-4B4F-45E2-9DDE-675D95522C6E}.Debug|Any CPU.ActiveCfg = Debug|Any CPU
		{6454ECA7-4B4F-45E2-9DDE-675D95522C6E}.Debug|Any CPU.Build.0 = Debug|Any CPU
		{6454ECA7-4B4F-45E2-9DDE-675D95522C6E}.Debug|x86.ActiveCfg = Debug|Any CPU
		{6454ECA7-4B4F-45E2-9DDE-675D95522C6E}.Debug|x86.Build.0 = Debug|Any CPU
		{6454ECA7-4B4F-45E2-9DDE-675D95522C6E}.Release|Any CPU.ActiveCfg = Debug|Any CPU
		{6454ECA7-4B4F-45E2-9DDE-675D95522C6E}.Release|Any CPU.Build.0 = Debug|Any CPU
		{6454ECA7-4B4F-45E2-9DDE-675D95522C6E}.Release|x86.ActiveCfg = Debug|Any CPU
		{6454ECA7-4B4F-45E2-9DDE-675D95522C6E}.Release|x86.Build.0 = Debug|Any CPU
		{7E02558D-944E-465B-A961-EEB958A0B98E}.Debug|Any CPU.ActiveCfg = Debug|Any CPU
		{7E02558D-944E-465B-A961-EEB958A0B98E}.Debug|Any CPU.Build.0 = Debug|Any CPU
		{7E02558D-944E-465B-A961-EEB958A0B98E}.Debug|x86.ActiveCfg = Debug|Any CPU
		{7E02558D-944E-465B-A961-EEB958A0B98E}.Debug|x86.Build.0 = Debug|Any CPU
		{7E02558D-944E-465B-A961-EEB958A0B98E}.Release|Any CPU.ActiveCfg = Release|Any CPU
		{7E02558D-944E-465B-A961-EEB958A0B98E}.Release|Any CPU.Build.0 = Release|Any CPU
		{7E02558D-944E-465B-A961-EEB958A0B98E}.Release|x86.ActiveCfg = Release|Any CPU
		{7E02558D-944E-465B-A961-EEB958A0B98E}.Release|x86.Build.0 = Release|Any CPU
	EndGlobalSection
	GlobalSection(SolutionProperties) = preSolution
		HideSolutionNode = FALSE
	EndGlobalSection
	GlobalSection(NestedProjects) = preSolution
		{A6484E99-F342-411F-89F0-0CFFBCD2DD88} = {83B685DD-DE47-4FA5-885D-1679C0D530BF}
		{551CA1B9-B732-4BAF-AFCB-92836C714054} = {83B685DD-DE47-4FA5-885D-1679C0D530BF}
		{A8DA3748-A734-4945-AE73-25D348185383} = {D0A4453C-9284-44A6-BC36-79A2FBF81FFA}
		{223731C7-5DB5-444C-A10A-C05C678C9BA3} = {F8B2569E-C13A-44C0-8AF1-AB67A7DA68A2}
		{900DE17F-01B4-4FC3-84CC-C1197AB21AD2} = {23E1A82E-D4F3-441A-97AA-5373F938D127}
		{4CC284DE-ACEB-41A5-BDF2-3865369055CC} = {C12ACD2D-88F7-4E1D-81E3-BAE3BED618D1}
		{03CE071F-67DC-43AA-BAFF-D2CC2605B63B} = {F8B2569E-C13A-44C0-8AF1-AB67A7DA68A2}
		{B117334E-E77B-4229-8FF8-F09B494CF28C} = {D0A4453C-9284-44A6-BC36-79A2FBF81FFA}
		{C12ACD2D-88F7-4E1D-81E3-BAE3BED618D1} = {E4382880-42CE-42B2-9503-DC344AA5583E}
		{F8B2569E-C13A-44C0-8AF1-AB67A7DA68A2} = {E4382880-42CE-42B2-9503-DC344AA5583E}
		{D0A4453C-9284-44A6-BC36-79A2FBF81FFA} = {E4382880-42CE-42B2-9503-DC344AA5583E}
		{23E1A82E-D4F3-441A-97AA-5373F938D127} = {E4382880-42CE-42B2-9503-DC344AA5583E}
		{6699F781-1347-4C82-9270-F2646E65511C} = {3B944C23-1D10-4DB9-AAFE-A1ECD517A3E7}
		{6454ECA7-4B4F-45E2-9DDE-675D95522C6E} = {C42F8DFC-755F-49B7-A7D3-9D75350CE652}
		{7E02558D-944E-465B-A961-EEB958A0B98E} = {3B944C23-1D10-4DB9-AAFE-A1ECD517A3E7}
		{16CF27BD-F752-4BAB-ADBB-8779F14A8D24} = {3B944C23-1D10-4DB9-AAFE-A1ECD517A3E7}
	EndGlobalSection
	GlobalSection(ExtensibilityGlobals) = postSolution
		SolutionGuid = {C475F43F-B51A-436F-B06B-D7E01CDE8F22}
	EndGlobalSection
EndGlobal
